
Microsoft Visual Studio Solution File, Format Version 12.00
# Visual Studio Version 17
VisualStudioVersion = 17.10.35201.131
MinimumVisualStudioVersion = 10.0.40219.1
Project("{FAE04EC0-301F-11D3-BF4B-00C04F79EFBC}") = "LINQ02", "LINQ02\LINQ02.csproj", "{82156E5E-E6F1-46AE-88A9-B86EDE99E06D}"
EndProject
Global
	GlobalSection(SolutionConfigurationPlatforms) = preSolution
		Debug|Any CPU = Debug|Any CPU
		Release|Any CPU = Release|Any CPU
	EndGlobalSection
	GlobalSection(ProjectConfigurationPlatforms) = postSolution
		{82156E5E-E6F1-46AE-88A9-B86EDE99E06D}.Debug|Any CPU.ActiveCfg = Debug|Any CPU
		{82156E5E-E6F1-46AE-88A9-B86EDE99E06D}.Debug|Any CPU.Build.0 = Debug|Any CPU
		{82156E5E-E6F1-46AE-88A9-B86EDE99E06D}.Release|Any CPU.ActiveCfg = Release|Any CPU
		{82156E5E-E6F1-46AE-88A9-B86EDE99E06D}.Release|Any CPU.Build.0 = Release|Any CPU
	EndGlobalSection
	GlobalSection(SolutionProperties) = preSolution
		HideSolutionNode = FALSE
	EndGlobalSection
	GlobalSection(ExtensibilityGlobals) = postSolution
		SolutionGuid = {E87C5A78-B422-4E0D-8550-5908BDA90697}
	EndGlobalSection
EndGlobal
